// !$*UTF8*$!
{
	archiveVersion = 1;
	classes = {
	};
	objectVersion = 50;
	objects = {

/* Begin PBXBuildFile section */
		9C30AC7D22518B8B00E5EEB4 /* AppDelegate.swift in Sources */ = {isa = PBXBuildFile; fileRef = 9C30AC7C22518B8B00E5EEB4 /* AppDelegate.swift */; };
		9C30AC7F22518B8B00E5EEB4 /* MasterViewController.swift in Sources */ = {isa = PBXBuildFile; fileRef = 9C30AC7E22518B8B00E5EEB4 /* MasterViewController.swift */; };
		9C30AC8122518B8B00E5EEB4 /* DetailViewController.swift in Sources */ = {isa = PBXBuildFile; fileRef = 9C30AC8022518B8B00E5EEB4 /* DetailViewController.swift */; };
		9C30AC8422518B8B00E5EEB4 /* Main.storyboard in Resources */ = {isa = PBXBuildFile; fileRef = 9C30AC8222518B8B00E5EEB4 /* Main.storyboard */; };
		9C30AC8622518B8C00E5EEB4 /* Assets.xcassets in Resources */ = {isa = PBXBuildFile; fileRef = 9C30AC8522518B8C00E5EEB4 /* Assets.xcassets */; };
		9C30AC8922518B8C00E5EEB4 /* LaunchScreen.storyboard in Resources */ = {isa = PBXBuildFile; fileRef = 9C30AC8722518B8C00E5EEB4 /* LaunchScreen.storyboard */; };
		9C30AC9422518B8C00E5EEB4 /* homelightsTests.swift in Sources */ = {isa = PBXBuildFile; fileRef = 9C30AC9322518B8C00E5EEB4 /* homelightsTests.swift */; };
		9C30AC9F22518B8C00E5EEB4 /* homelightsUITests.swift in Sources */ = {isa = PBXBuildFile; fileRef = 9C30AC9E22518B8C00E5EEB4 /* homelightsUITests.swift */; };
/* End PBXBuildFile section */

/* Begin PBXContainerItemProxy section */
		9C30AC9022518B8C00E5EEB4 /* PBXContainerItemProxy */ = {
			isa = PBXContainerItemProxy;
			containerPortal = 9C30AC7122518B8B00E5EEB4 /* Project object */;
			proxyType = 1;
			remoteGlobalIDString = 9C30AC7822518B8B00E5EEB4;
			remoteInfo = homelights;
		};
		9C30AC9B22518B8C00E5EEB4 /* PBXContainerItemProxy */ = {
			isa = PBXContainerItemProxy;
			containerPortal = 9C30AC7122518B8B00E5EEB4 /* Project object */;
			proxyType = 1;
			remoteGlobalIDString = 9C30AC7822518B8B00E5EEB4;
			remoteInfo = homelights;
		};
/* End PBXContainerItemProxy section */

/* Begin PBXFileReference section */
		9C30AC7922518B8B00E5EEB4 /* homelights.app */ = {isa = PBXFileReference; explicitFileType = wrapper.application; includeInIndex = 0; path = homelights.app; sourceTree = BUILT_PRODUCTS_DIR; };
		9C30AC7C22518B8B00E5EEB4 /* AppDelegate.swift */ = {isa = PBXFileReference; lastKnownFileType = sourcecode.swift; path = AppDelegate.swift; sourceTree = "<group>"; };
		9C30AC7E22518B8B00E5EEB4 /* MasterViewController.swift */ = {isa = PBXFileReference; lastKnownFileType = sourcecode.swift; path = MasterViewController.swift; sourceTree = "<group>"; };
		9C30AC8022518B8B00E5EEB4 /* DetailViewController.swift */ = {isa = PBXFileReference; lastKnownFileType = sourcecode.swift; path = DetailViewController.swift; sourceTree = "<group>"; };
		9C30AC8322518B8B00E5EEB4 /* Base */ = {isa = PBXFileReference; lastKnownFileType = file.storyboard; name = Base; path = Base.lproj/Main.storyboard; sourceTree = "<group>"; };
		9C30AC8522518B8C00E5EEB4 /* Assets.xcassets */ = {isa = PBXFileReference; lastKnownFileType = folder.assetcatalog; path = Assets.xcassets; sourceTree = "<group>"; };
		9C30AC8822518B8C00E5EEB4 /* Base */ = {isa = PBXFileReference; lastKnownFileType = file.storyboard; name = Base; path = Base.lproj/LaunchScreen.storyboard; sourceTree = "<group>"; };
		9C30AC8A22518B8C00E5EEB4 /* Info.plist */ = {isa = PBXFileReference; lastKnownFileType = text.plist.xml; path = Info.plist; sourceTree = "<group>"; };
		9C30AC8F22518B8C00E5EEB4 /* homelightsTests.xctest */ = {isa = PBXFileReference; explicitFileType = wrapper.cfbundle; includeInIndex = 0; path = homelightsTests.xctest; sourceTree = BUILT_PRODUCTS_DIR; };
		9C30AC9322518B8C00E5EEB4 /* homelightsTests.swift */ = {isa = PBXFileReference; lastKnownFileType = sourcecode.swift; path = homelightsTests.swift; sourceTree = "<group>"; };
		9C30AC9522518B8C00E5EEB4 /* Info.plist */ = {isa = PBXFileReference; lastKnownFileType = text.plist.xml; path = Info.plist; sourceTree = "<group>"; };
		9C30AC9A22518B8C00E5EEB4 /* homelightsUITests.xctest */ = {isa = PBXFileReference; explicitFileType = wrapper.cfbundle; includeInIndex = 0; path = homelightsUITests.xctest; sourceTree = BUILT_PRODUCTS_DIR; };
		9C30AC9E22518B8C00E5EEB4 /* homelightsUITests.swift */ = {isa = PBXFileReference; lastKnownFileType = sourcecode.swift; path = homelightsUITests.swift; sourceTree = "<group>"; };
		9C30ACA022518B8C00E5EEB4 /* Info.plist */ = {isa = PBXFileReference; lastKnownFileType = text.plist.xml; path = Info.plist; sourceTree = "<group>"; };
/* End PBXFileReference section */

/* Begin PBXFrameworksBuildPhase section */
		9C30AC7622518B8B00E5EEB4 /* Frameworks */ = {
			isa = PBXFrameworksBuildPhase;
			buildActionMask = 2147483647;
			files = (
			);
			runOnlyForDeploymentPostprocessing = 0;
		};
		9C30AC8C22518B8C00E5EEB4 /* Frameworks */ = {
			isa = PBXFrameworksBuildPhase;
			buildActionMask = 2147483647;
			files = (
			);
			runOnlyForDeploymentPostprocessing = 0;
		};
		9C30AC9722518B8C00E5EEB4 /* Frameworks */ = {
			isa = PBXFrameworksBuildPhase;
			buildActionMask = 2147483647;
			files = (
			);
			runOnlyForDeploymentPostprocessing = 0;
		};
/* End PBXFrameworksBuildPhase section */

/* Begin PBXGroup section */
		9C30AC7022518B8B00E5EEB4 = {
			isa = PBXGroup;
			children = (
				9C30AC7B22518B8B00E5EEB4 /* homelights */,
				9C30AC9222518B8C00E5EEB4 /* homelightsTests */,
				9C30AC9D22518B8C00E5EEB4 /* homelightsUITests */,
				9C30AC7A22518B8B00E5EEB4 /* Products */,
			);
			sourceTree = "<group>";
		};
		9C30AC7A22518B8B00E5EEB4 /* Products */ = {
			isa = PBXGroup;
			children = (
				9C30AC7922518B8B00E5EEB4 /* homelights.app */,
				9C30AC8F22518B8C00E5EEB4 /* homelightsTests.xctest */,
				9C30AC9A22518B8C00E5EEB4 /* homelightsUITests.xctest */,
			);
			name = Products;
			sourceTree = "<group>";
		};
		9C30AC7B22518B8B00E5EEB4 /* homelights */ = {
			isa = PBXGroup;
			children = (
				9C30AC7C22518B8B00E5EEB4 /* AppDelegate.swift */,
				9C30AC7E22518B8B00E5EEB4 /* MasterViewController.swift */,
				9C30AC8022518B8B00E5EEB4 /* DetailViewController.swift */,
				9C30AC8222518B8B00E5EEB4 /* Main.storyboard */,
				9C30AC8522518B8C00E5EEB4 /* Assets.xcassets */,
				9C30AC8722518B8C00E5EEB4 /* LaunchScreen.storyboard */,
				9C30AC8A22518B8C00E5EEB4 /* Info.plist */,
			);
			path = homelights;
			sourceTree = "<group>";
		};
		9C30AC9222518B8C00E5EEB4 /* homelightsTests */ = {
			isa = PBXGroup;
			children = (
				9C30AC9322518B8C00E5EEB4 /* homelightsTests.swift */,
				9C30AC9522518B8C00E5EEB4 /* Info.plist */,
			);
			path = homelightsTests;
			sourceTree = "<group>";
		};
		9C30AC9D22518B8C00E5EEB4 /* homelightsUITests */ = {
			isa = PBXGroup;
			children = (
				9C30AC9E22518B8C00E5EEB4 /* homelightsUITests.swift */,
				9C30ACA022518B8C00E5EEB4 /* Info.plist */,
			);
			path = homelightsUITests;
			sourceTree = "<group>";
		};
/* End PBXGroup section */

/* Begin PBXNativeTarget section */
		9C30AC7822518B8B00E5EEB4 /* homelights */ = {
			isa = PBXNativeTarget;
			buildConfigurationList = 9C30ACA322518B8C00E5EEB4 /* Build configuration list for PBXNativeTarget "homelights" */;
			buildPhases = (
				9C30AC7522518B8B00E5EEB4 /* Sources */,
				9C30AC7622518B8B00E5EEB4 /* Frameworks */,
				9C30AC7722518B8B00E5EEB4 /* Resources */,
			);
			buildRules = (
			);
			dependencies = (
			);
			name = homelights;
			productName = homelights;
			productReference = 9C30AC7922518B8B00E5EEB4 /* homelights.app */;
			productType = "com.apple.product-type.application";
		};
		9C30AC8E22518B8C00E5EEB4 /* homelightsTests */ = {
			isa = PBXNativeTarget;
			buildConfigurationList = 9C30ACA622518B8C00E5EEB4 /* Build configuration list for PBXNativeTarget "homelightsTests" */;
			buildPhases = (
				9C30AC8B22518B8C00E5EEB4 /* Sources */,
				9C30AC8C22518B8C00E5EEB4 /* Frameworks */,
				9C30AC8D22518B8C00E5EEB4 /* Resources */,
			);
			buildRules = (
			);
			dependencies = (
				9C30AC9122518B8C00E5EEB4 /* PBXTargetDependency */,
			);
			name = homelightsTests;
			productName = homelightsTests;
			productReference = 9C30AC8F22518B8C00E5EEB4 /* homelightsTests.xctest */;
			productType = "com.apple.product-type.bundle.unit-test";
		};
		9C30AC9922518B8C00E5EEB4 /* homelightsUITests */ = {
			isa = PBXNativeTarget;
			buildConfigurationList = 9C30ACA922518B8C00E5EEB4 /* Build configuration list for PBXNativeTarget "homelightsUITests" */;
			buildPhases = (
				9C30AC9622518B8C00E5EEB4 /* Sources */,
				9C30AC9722518B8C00E5EEB4 /* Frameworks */,
				9C30AC9822518B8C00E5EEB4 /* Resources */,
			);
			buildRules = (
			);
			dependencies = (
				9C30AC9C22518B8C00E5EEB4 /* PBXTargetDependency */,
			);
			name = homelightsUITests;
			productName = homelightsUITests;
			productReference = 9C30AC9A22518B8C00E5EEB4 /* homelightsUITests.xctest */;
			productType = "com.apple.product-type.bundle.ui-testing";
		};
/* End PBXNativeTarget section */

/* Begin PBXProject section */
		9C30AC7122518B8B00E5EEB4 /* Project object */ = {
			isa = PBXProject;
			attributes = {
				LastSwiftUpdateCheck = 1020;
				LastUpgradeCheck = 1020;
				ORGANIZATIONNAME = "Robert Diamond";
				TargetAttributes = {
					9C30AC7822518B8B00E5EEB4 = {
						CreatedOnToolsVersion = 10.2;
					};
					9C30AC8E22518B8C00E5EEB4 = {
						CreatedOnToolsVersion = 10.2;
						TestTargetID = 9C30AC7822518B8B00E5EEB4;
					};
					9C30AC9922518B8C00E5EEB4 = {
						CreatedOnToolsVersion = 10.2;
						TestTargetID = 9C30AC7822518B8B00E5EEB4;
					};
				};
			};
			buildConfigurationList = 9C30AC7422518B8B00E5EEB4 /* Build configuration list for PBXProject "homelights" */;
			compatibilityVersion = "Xcode 9.3";
			developmentRegion = en;
			hasScannedForEncodings = 0;
			knownRegions = (
				en,
				Base,
			);
			mainGroup = 9C30AC7022518B8B00E5EEB4;
			productRefGroup = 9C30AC7A22518B8B00E5EEB4 /* Products */;
			projectDirPath = "";
			projectRoot = "";
			targets = (
				9C30AC7822518B8B00E5EEB4 /* homelights */,
				9C30AC8E22518B8C00E5EEB4 /* homelightsTests */,
				9C30AC9922518B8C00E5EEB4 /* homelightsUITests */,
			);
		};
/* End PBXProject section */

/* Begin PBXResourcesBuildPhase section */
		9C30AC7722518B8B00E5EEB4 /* Resources */ = {
			isa = PBXResourcesBuildPhase;
			buildActionMask = 2147483647;
			files = (
				9C30AC8922518B8C00E5EEB4 /* LaunchScreen.storyboard in Resources */,
				9C30AC8622518B8C00E5EEB4 /* Assets.xcassets in Resources */,
				9C30AC8422518B8B00E5EEB4 /* Main.storyboard in Resources */,
			);
			runOnlyForDeploymentPostprocessing = 0;
		};
		9C30AC8D22518B8C00E5EEB4 /* Resources */ = {
			isa = PBXResourcesBuildPhase;
			buildActionMask = 2147483647;
			files = (
			);
			runOnlyForDeploymentPostprocessing = 0;
		};
		9C30AC9822518B8C00E5EEB4 /* Resources */ = {
			isa = PBXResourcesBuildPhase;
			buildActionMask = 2147483647;
			files = (
			);
			runOnlyForDeploymentPostprocessing = 0;
		};
/* End PBXResourcesBuildPhase section */

/* Begin PBXSourcesBuildPhase section */
		9C30AC7522518B8B00E5EEB4 /* Sources */ = {
			isa = PBXSourcesBuildPhase;
			buildActionMask = 2147483647;
			files = (
				9C30AC8122518B8B00E5EEB4 /* DetailViewController.swift in Sources */,
				9C30AC7F22518B8B00E5EEB4 /* MasterViewController.swift in Sources */,
				9C30AC7D22518B8B00E5EEB4 /* AppDelegate.swift in Sources */,
			);
			runOnlyForDeploymentPostprocessing = 0;
		};
		9C30AC8B22518B8C00E5EEB4 /* Sources */ = {
			isa = PBXSourcesBuildPhase;
			buildActionMask = 2147483647;
			files = (
				9C30AC9422518B8C00E5EEB4 /* homelightsTests.swift in Sources */,
			);
			runOnlyForDeploymentPostprocessing = 0;
		};
		9C30AC9622518B8C00E5EEB4 /* Sources */ = {
			isa = PBXSourcesBuildPhase;
			buildActionMask = 2147483647;
			files = (
				9C30AC9F22518B8C00E5EEB4 /* homelightsUITests.swift in Sources */,
			);
			runOnlyForDeploymentPostprocessing = 0;
		};
/* End PBXSourcesBuildPhase section */

/* Begin PBXTargetDependency section */
		9C30AC9122518B8C00E5EEB4 /* PBXTargetDependency */ = {
			isa = PBXTargetDependency;
			target = 9C30AC7822518B8B00E5EEB4 /* homelights */;
			targetProxy = 9C30AC9022518B8C00E5EEB4 /* PBXContainerItemProxy */;
		};
		9C30AC9C22518B8C00E5EEB4 /* PBXTargetDependency */ = {
			isa = PBXTargetDependency;
			target = 9C30AC7822518B8B00E5EEB4 /* homelights */;
			targetProxy = 9C30AC9B22518B8C00E5EEB4 /* PBXContainerItemProxy */;
		};
/* End PBXTargetDependency section */

/* Begin PBXVariantGroup section */
		9C30AC8222518B8B00E5EEB4 /* Main.storyboard */ = {
			isa = PBXVariantGroup;
			children = (
				9C30AC8322518B8B00E5EEB4 /* Base */,
			);
			name = Main.storyboard;
			sourceTree = "<group>";
		};
		9C30AC8722518B8C00E5EEB4 /* LaunchScreen.storyboard */ = {
			isa = PBXVariantGroup;
			children = (
				9C30AC8822518B8C00E5EEB4 /* Base */,
			);
			name = LaunchScreen.storyboard;
			sourceTree = "<group>";
		};
/* End PBXVariantGroup section */

/* Begin XCBuildConfiguration section */
		9C30ACA122518B8C00E5EEB4 /* Debug */ = {
			isa = XCBuildConfiguration;
			buildSettings = {
				ALWAYS_SEARCH_USER_PATHS = NO;
				CLANG_ANALYZER_NONNULL = YES;
				CLANG_ANALYZER_NUMBER_OBJECT_CONVERSION = YES_AGGRESSIVE;
				CLANG_CXX_LANGUAGE_STANDARD = "gnu++14";
				CLANG_CXX_LIBRARY = "libc++";
				CLANG_ENABLE_MODULES = YES;
				CLANG_ENABLE_OBJC_ARC = YES;
				CLANG_ENABLE_OBJC_WEAK = YES;
				CLANG_WARN_BLOCK_CAPTURE_AUTORELEASING = YES;
				CLANG_WARN_BOOL_CONVERSION = YES;
				CLANG_WARN_COMMA = YES;
				CLANG_WARN_CONSTANT_CONVERSION = YES;
				CLANG_WARN_DEPRECATED_OBJC_IMPLEMENTATIONS = YES;
				CLANG_WARN_DIRECT_OBJC_ISA_USAGE = YES_ERROR;
				CLANG_WARN_DOCUMENTATION_COMMENTS = YES;
				CLANG_WARN_EMPTY_BODY = YES;
				CLANG_WARN_ENUM_CONVERSION = YES;
				CLANG_WARN_INFINITE_RECURSION = YES;
				CLANG_WARN_INT_CONVERSION = YES;
				CLANG_WARN_NON_LITERAL_NULL_CONVERSION = YES;
				CLANG_WARN_OBJC_IMPLICIT_RETAIN_SELF = YES;
				CLANG_WARN_OBJC_LITERAL_CONVERSION = YES;
				CLANG_WARN_OBJC_ROOT_CLASS = YES_ERROR;
				CLANG_WARN_RANGE_LOOP_ANALYSIS = YES;
				CLANG_WARN_STRICT_PROTOTYPES = YES;
				CLANG_WARN_SUSPICIOUS_MOVE = YES;
				CLANG_WARN_UNGUARDED_AVAILABILITY = YES_AGGRESSIVE;
				CLANG_WARN_UNREACHABLE_CODE = YES;
				CLANG_WARN__DUPLICATE_METHOD_MATCH = YES;
				CODE_SIGN_IDENTITY = "iPhone Developer";
				COPY_PHASE_STRIP = NO;
				DEBUG_INFORMATION_FORMAT = dwarf;
				ENABLE_STRICT_OBJC_MSGSEND = YES;
				ENABLE_TESTABILITY = YES;
				GCC_C_LANGUAGE_STANDARD = gnu11;
				GCC_DYNAMIC_NO_PIC = NO;
				GCC_NO_COMMON_BLOCKS = YES;
				GCC_OPTIMIZATION_LEVEL = 0;
				GCC_PREPROCESSOR_DEFINITIONS = (
					"DEBUG=1",
					"$(inherited)",
				);
				GCC_WARN_64_TO_32_BIT_CONVERSION = YES;
				GCC_WARN_ABOUT_RETURN_TYPE = YES_ERROR;
				GCC_WARN_UNDECLARED_SELECTOR = YES;
				GCC_WARN_UNINITIALIZED_AUTOS = YES_AGGRESSIVE;
				GCC_WARN_UNUSED_FUNCTION = YES;
				GCC_WARN_UNUSED_VARIABLE = YES;
				IPHONEOS_DEPLOYMENT_TARGET = 12.2;
				MTL_ENABLE_DEBUG_INFO = INCLUDE_SOURCE;
				MTL_FAST_MATH = YES;
				ONLY_ACTIVE_ARCH = YES;
				SDKROOT = iphoneos;
				SWIFT_ACTIVE_COMPILATION_CONDITIONS = DEBUG;
				SWIFT_OPTIMIZATION_LEVEL = "-Onone";
			};
			name = Debug;
		};
		9C30ACA222518B8C00E5EEB4 /* Release */ = {
			isa = XCBuildConfiguration;
			buildSettings = {
				ALWAYS_SEARCH_USER_PATHS = NO;
				CLANG_ANALYZER_NONNULL = YES;
				CLANG_ANALYZER_NUMBER_OBJECT_CONVERSION = YES_AGGRESSIVE;
				CLANG_CXX_LANGUAGE_STANDARD = "gnu++14";
				CLANG_CXX_LIBRARY = "libc++";
				CLANG_ENABLE_MODULES = YES;
				CLANG_ENABLE_OBJC_ARC = YES;
				CLANG_ENABLE_OBJC_WEAK = YES;
				CLANG_WARN_BLOCK_CAPTURE_AUTORELEASING = YES;
				CLANG_WARN_BOOL_CONVERSION = YES;
				CLANG_WARN_COMMA = YES;
				CLANG_WARN_CONSTANT_CONVERSION = YES;
				CLANG_WARN_DEPRECATED_OBJC_IMPLEMENTATIONS = YES;
				CLANG_WARN_DIRECT_OBJC_ISA_USAGE = YES_ERROR;
				CLANG_WARN_DOCUMENTATION_COMMENTS = YES;
				CLANG_WARN_EMPTY_BODY = YES;
				CLANG_WARN_ENUM_CONVERSION = YES;
				CLANG_WARN_INFINITE_RECURSION = YES;
				CLANG_WARN_INT_CONVERSION = YES;
				CLANG_WARN_NON_LITERAL_NULL_CONVERSION = YES;
				CLANG_WARN_OBJC_IMPLICIT_RETAIN_SELF = YES;
				CLANG_WARN_OBJC_LITERAL_CONVERSION = YES;
				CLANG_WARN_OBJC_ROOT_CLASS = YES_ERROR;
				CLANG_WARN_RANGE_LOOP_ANALYSIS = YES;
				CLANG_WARN_STRICT_PROTOTYPES = YES;
				CLANG_WARN_SUSPICIOUS_MOVE = YES;
				CLANG_WARN_UNGUARDED_AVAILABILITY = YES_AGGRESSIVE;
				CLANG_WARN_UNREACHABLE_CODE = YES;
				CLANG_WARN__DUPLICATE_METHOD_MATCH = YES;
				CODE_SIGN_IDENTITY = "iPhone Developer";
				COPY_PHASE_STRIP = NO;
				DEBUG_INFORMATION_FORMAT = "dwarf-with-dsym";
				ENABLE_NS_ASSERTIONS = NO;
				ENABLE_STRICT_OBJC_MSGSEND = YES;
				GCC_C_LANGUAGE_STANDARD = gnu11;
				GCC_NO_COMMON_BLOCKS = YES;
				GCC_WARN_64_TO_32_BIT_CONVERSION = YES;
				GCC_WARN_ABOUT_RETURN_TYPE = YES_ERROR;
				GCC_WARN_UNDECLARED_SELECTOR = YES;
				GCC_WARN_UNINITIALIZED_AUTOS = YES_AGGRESSIVE;
				GCC_WARN_UNUSED_FUNCTION = YES;
				GCC_WARN_UNUSED_VARIABLE = YES;
				IPHONEOS_DEPLOYMENT_TARGET = 12.2;
				MTL_ENABLE_DEBUG_INFO = NO;
				MTL_FAST_MATH = YES;
				SDKROOT = iphoneos;
				SWIFT_COMPILATION_MODE = wholemodule;
				SWIFT_OPTIMIZATION_LEVEL = "-O";
				VALIDATE_PRODUCT = YES;
			};
			name = Release;
		};
		9C30ACA422518B8C00E5EEB4 /* Debug */ = {
			isa = XCBuildConfiguration;
			buildSettings = {
				ASSETCATALOG_COMPILER_APPICON_NAME = AppIcon;
				CODE_SIGN_STYLE = Automatic;
				DEVELOPMENT_TEAM = QVSQY52MWK;
				INFOPLIST_FILE = homelights/Info.plist;
				LD_RUNPATH_SEARCH_PATHS = (
					"$(inherited)",
					"@executable_path/Frameworks",
				);
				PRODUCT_BUNDLE_IDENTIFIER = com.robertdiamond.homelights;
				PRODUCT_NAME = "$(TARGET_NAME)";
				SWIFT_VERSION = 5.0;
				TARGETED_DEVICE_FAMILY = "1,2";
			};
			name = Debug;
		};
		9C30ACA522518B8C00E5EEB4 /* Release */ = {
			isa = XCBuildConfiguration;
			buildSettings = {
				ASSETCATALOG_COMPILER_APPICON_NAME = AppIcon;
				CODE_SIGN_STYLE = Automatic;
				DEVELOPMENT_TEAM = QVSQY52MWK;
				INFOPLIST_FILE = homelights/Info.plist;
				LD_RUNPATH_SEARCH_PATHS = (
					"$(inherited)",
					"@executable_path/Frameworks",
				);
				PRODUCT_BUNDLE_IDENTIFIER = com.robertdiamond.homelights;
				PRODUCT_NAME = "$(TARGET_NAME)";
				SWIFT_VERSION = 5.0;
				TARGETED_DEVICE_FAMILY = "1,2";
			};
			name = Release;
		};
		9C30ACA722518B8C00E5EEB4 /* Debug */ = {
			isa = XCBuildConfiguration;
			buildSettings = {
				ALWAYS_EMBED_SWIFT_STANDARD_LIBRARIES = YES;
				BUNDLE_LOADER = "$(TEST_HOST)";
				CODE_SIGN_STYLE = Automatic;
				DEVELOPMENT_TEAM = QVSQY52MWK;
				INFOPLIST_FILE = homelightsTests/Info.plist;
				LD_RUNPATH_SEARCH_PATHS = (
					"$(inherited)",
					"@executable_path/Frameworks",
					"@loader_path/Frameworks",
				);
				PRODUCT_BUNDLE_IDENTIFIER = com.robertdiamond.homelightsTests;
				PRODUCT_NAME = "$(TARGET_NAME)";
				SWIFT_VERSION = 5.0;
				TARGETED_DEVICE_FAMILY = "1,2";
				TEST_HOST = "$(BUILT_PRODUCTS_DIR)/homelights.app/homelights";
			};
			name = Debug;
		};
		9C30ACA822518B8C00E5EEB4 /* Release */ = {
			isa = XCBuildConfiguration;
			buildSettings = {
				ALWAYS_EMBED_SWIFT_STANDARD_LIBRARIES = YES;
				BUNDLE_LOADER = "$(TEST_HOST)";
				CODE_SIGN_STYLE = Automatic;
				DEVELOPMENT_TEAM = QVSQY52MWK;
				INFOPLIST_FILE = homelightsTests/Info.plist;
				LD_RUNPATH_SEARCH_PATHS = (
					"$(inherited)",
					"@executable_path/Frameworks",
					"@loader_path/Frameworks",
				);
				PRODUCT_BUNDLE_IDENTIFIER = com.robertdiamond.homelightsTests;
				PRODUCT_NAME = "$(TARGET_NAME)";
				SWIFT_VERSION = 5.0;
				TARGETED_DEVICE_FAMILY = "1,2";
				TEST_HOST = "$(BUILT_PRODUCTS_DIR)/homelights.app/homelights";
			};
			name = Release;
		};
		9C30ACAA22518B8C00E5EEB4 /* Debug */ = {
			isa = XCBuildConfiguration;
			buildSettings = {
				ALWAYS_EMBED_SWIFT_STANDARD_LIBRARIES = YES;
				CODE_SIGN_STYLE = Automatic;
				DEVELOPMENT_TEAM = QVSQY52MWK;
				INFOPLIST_FILE = homelightsUITests/Info.plist;
				LD_RUNPATH_SEARCH_PATHS = (
					"$(inherited)",
					"@executable_path/Frameworks",
					"@loader_path/Frameworks",
				);
				PRODUCT_BUNDLE_IDENTIFIER = com.robertdiamond.homelightsUITests;
				PRODUCT_NAME = "$(TARGET_NAME)";
				SWIFT_VERSION = 5.0;
				TARGETED_DEVICE_FAMILY = "1,2";
				TEST_TARGET_NAME = homelights;
			};
			name = Debug;
		};
		9C30ACAB22518B8C00E5EEB4 /* Release */ = {
			isa = XCBuildConfiguration;
			buildSettings = {
				ALWAYS_EMBED_SWIFT_STANDARD_LIBRARIES = YES;
				CODE_SIGN_STYLE = Automatic;
				DEVELOPMENT_TEAM = QVSQY52MWK;
				INFOPLIST_FILE = homelightsUITests/Info.plist;
				LD_RUNPATH_SEARCH_PATHS = (
					"$(inherited)",
					"@executable_path/Frameworks",
					"@loader_path/Frameworks",
				);
				PRODUCT_BUNDLE_IDENTIFIER = com.robertdiamond.homelightsUITests;
				PRODUCT_NAME = "$(TARGET_NAME)";
				SWIFT_VERSION = 5.0;
				TARGETED_DEVICE_FAMILY = "1,2";
				TEST_TARGET_NAME = homelights;
			};
			name = Release;
		};
/* End XCBuildConfiguration section */

/* Begin XCConfigurationList section */
		9C30AC7422518B8B00E5EEB4 /* Build configuration list for PBXProject "homelights" */ = {
			isa = XCConfigurationList;
			buildConfigurations = (
				9C30ACA122518B8C00E5EEB4 /* Debug */,
				9C30ACA222518B8C00E5EEB4 /* Release */,
			);
			defaultConfigurationIsVisible = 0;
			defaultConfigurationName = Release;
		};
		9C30ACA322518B8C00E5EEB4 /* Build configuration list for PBXNativeTarget "homelights" */ = {
			isa = XCConfigurationList;
			buildConfigurations = (
				9C30ACA422518B8C00E5EEB4 /* Debug */,
				9C30ACA522518B8C00E5EEB4 /* Release */,
			);
			defaultConfigurationIsVisible = 0;
			defaultConfigurationName = Release;
		};
		9C30ACA622518B8C00E5EEB4 /* Build configuration list for PBXNativeTarget "homelightsTests" */ = {
			isa = XCConfigurationList;
			buildConfigurations = (
				9C30ACA722518B8C00E5EEB4 /* Debug */,
				9C30ACA822518B8C00E5EEB4 /* Release */,
			);
			defaultConfigurationIsVisible = 0;
			defaultConfigurationName = Release;
		};
		9C30ACA922518B8C00E5EEB4 /* Build configuration list for PBXNativeTarget "homelightsUITests" */ = {
			isa = XCConfigurationList;
			buildConfigurations = (
				9C30ACAA22518B8C00E5EEB4 /* Debug */,
				9C30ACAB22518B8C00E5EEB4 /* Release */,
			);
			defaultConfigurationIsVisible = 0;
			defaultConfigurationName = Release;
		};
/* End XCConfigurationList section */
	};
	rootObject = 9C30AC7122518B8B00E5EEB4 /* Project object */;
}
